
Microsoft Visual Studio Solution File, Format Version 12.00
# Visual Studio Version 17
VisualStudioVersion = 17.9.34728.123
MinimumVisualStudioVersion = 10.0.40219.1
Project("{FAE04EC0-301F-11D3-BF4B-00C04F79EFBC}") = "FileProviderTest", "FileProviderTest.csproj", "{09A2F887-BB46-4011-9063-64D6E9DBFAB2}"
EndProject
Global
	GlobalSection(SolutionConfigurationPlatforms) = preSolution
		Debug|Any CPU = Debug|Any CPU
		Release|Any CPU = Release|Any CPU
	EndGlobalSection
	GlobalSection(ProjectConfigurationPlatforms) = postSolution
		{09A2F887-BB46-4011-9063-64D6E9DBFAB2}.Debug|Any CPU.ActiveCfg = Debug|Any CPU
		{09A2F887-BB46-4011-9063-64D6E9DBFAB2}.Debug|Any CPU.Build.0 = Debug|Any CPU
		{09A2F887-BB46-4011-9063-64D6E9DBFAB2}.Release|Any CPU.ActiveCfg = Release|Any CPU
		{09A2F887-BB46-4011-9063-64D6E9DBFAB2}.Release|Any CPU.Build.0 = Release|Any CPU
	EndGlobalSection
	GlobalSection(SolutionProperties) = preSolution
		HideSolutionNode = FALSE
	EndGlobalSection
	GlobalSection(ExtensibilityGlobals) = postSolution
		SolutionGuid = {355F1826-7ED2-4B36-BE6F-4233F958B564}
	EndGlobalSection
EndGlobal
